
Microsoft Visual Studio Solution File, Format Version 12.00
# Visual Studio Version 17
VisualStudioVersion = 17.13.35806.99 d17.13
MinimumVisualStudioVersion = 10.0.40219.1
Project("{FAE04EC0-301F-11D3-BF4B-00C04F79EFBC}") = "FCG.Tests", "FCG.Tests.csproj", "{2246E344-552C-9B41-0B95-676A77EE2395}"
EndProject
Global
	GlobalSection(SolutionConfigurationPlatforms) = preSolution
		Debug|Any CPU = Debug|Any CPU
		Release|Any CPU = Release|Any CPU
	EndGlobalSection
	GlobalSection(ProjectConfigurationPlatforms) = postSolution
		{2246E344-552C-9B41-0B95-676A77EE2395}.Debug|Any CPU.ActiveCfg = Debug|Any CPU
		{2246E344-552C-9B41-0B95-676A77EE2395}.Debug|Any CPU.Build.0 = Debug|Any CPU
		{2246E344-552C-9B41-0B95-676A77EE2395}.Release|Any CPU.ActiveCfg = Release|Any CPU
		{2246E344-552C-9B41-0B95-676A77EE2395}.Release|Any CPU.Build.0 = Release|Any CPU
	EndGlobalSection
	GlobalSection(SolutionProperties) = preSolution
		HideSolutionNode = FALSE
	EndGlobalSection
	GlobalSection(ExtensibilityGlobals) = postSolution
		SolutionGuid = {91FC99C8-B663-462E-8179-4B16A43E7E3A}
	EndGlobalSection
EndGlobal
